// !$*UTF8*$!
{
	archiveVersion = 1;
	classes = {
	};
	objectVersion = 46;
	objects = {

/* Begin PBXBuildFile section */
		184951061C2A491800BCE2E3 /* TRBaseCollectionViewController.m in Sources */ = {isa = PBXBuildFile; fileRef = 184951051C2A491800BCE2E3 /* TRBaseCollectionViewController.m */; };
		184951091C2A496100BCE2E3 /* TRSearchViewController.m in Sources */ = {isa = PBXBuildFile; fileRef = 184951081C2A496100BCE2E3 /* TRSearchViewController.m */; };
		1849510D1C2A7F6700BCE2E3 /* UIView+AutoLayout.m in Sources */ = {isa = PBXBuildFile; fileRef = 1849510C1C2A7F6700BCE2E3 /* UIView+AutoLayout.m */; };
		189CC9FF1C2829C600D40486 /* MKAnnotationView+WebCache.m in Sources */ = {isa = PBXBuildFile; fileRef = 189CC9DF1C2829C600D40486 /* MKAnnotationView+WebCache.m */; };
		189CCA001C2829C600D40486 /* NSData+ImageContentType.m in Sources */ = {isa = PBXBuildFile; fileRef = 189CC9E11C2829C600D40486 /* NSData+ImageContentType.m */; };
		189CCA011C2829C600D40486 /* SDImageCache.m in Sources */ = {isa = PBXBuildFile; fileRef = 189CC9E31C2829C600D40486 /* SDImageCache.m */; };
		189CCA021C2829C600D40486 /* SDWebImageCompat.m in Sources */ = {isa = PBXBuildFile; fileRef = 189CC9E51C2829C600D40486 /* SDWebImageCompat.m */; };
		189CCA031C2829C600D40486 /* SDWebImageDecoder.m in Sources */ = {isa = PBXBuildFile; fileRef = 189CC9E71C2829C600D40486 /* SDWebImageDecoder.m */; };
		189CCA041C2829C600D40486 /* SDWebImageDownloader.m in Sources */ = {isa = PBXBuildFile; fileRef = 189CC9E91C2829C600D40486 /* SDWebImageDownloader.m */; };
		189CCA051C2829C600D40486 /* SDWebImageDownloaderOperation.m in Sources */ = {isa = PBXBuildFile; fileRef = 189CC9EB1C2829C600D40486 /* SDWebImageDownloaderOperation.m */; };
		189CCA061C2829C600D40486 /* SDWebImageManager.m in Sources */ = {isa = PBXBuildFile; fileRef = 189CC9ED1C2829C600D40486 /* SDWebImageManager.m */; };
		189CCA071C2829C600D40486 /* SDWebImagePrefetcher.m in Sources */ = {isa = PBXBuildFile; fileRef = 189CC9F01C2829C600D40486 /* SDWebImagePrefetcher.m */; };
		189CCA081C2829C600D40486 /* UIButton+WebCache.m in Sources */ = {isa = PBXBuildFile; fileRef = 189CC9F21C2829C600D40486 /* UIButton+WebCache.m */; };
		189CCA091C2829C600D40486 /* UIImage+GIF.m in Sources */ = {isa = PBXBuildFile; fileRef = 189CC9F41C2829C600D40486 /* UIImage+GIF.m */; };
		189CCA0A1C2829C600D40486 /* UIImage+MultiFormat.m in Sources */ = {isa = PBXBuildFile; fileRef = 189CC9F61C2829C600D40486 /* UIImage+MultiFormat.m */; };
		189CCA0B1C2829C600D40486 /* UIImage+WebP.m in Sources */ = {isa = PBXBuildFile; fileRef = 189CC9F81C2829C600D40486 /* UIImage+WebP.m */; };
		189CCA0C1C2829C600D40486 /* UIImageView+HighlightedWebCache.m in Sources */ = {isa = PBXBuildFile; fileRef = 189CC9FA1C2829C600D40486 /* UIImageView+HighlightedWebCache.m */; };
		189CCA0D1C2829C600D40486 /* UIImageView+WebCache.m in Sources */ = {isa = PBXBuildFile; fileRef = 189CC9FC1C2829C600D40486 /* UIImageView+WebCache.m */; };
		189CCA0E1C2829C600D40486 /* UIView+WebCacheOperation.m in Sources */ = {isa = PBXBuildFile; fileRef = 189CC9FE1C2829C600D40486 /* UIView+WebCacheOperation.m */; };
		189CCA151C28303400D40486 /* WebViewController.m in Sources */ = {isa = PBXBuildFile; fileRef = 189CCA131C28303400D40486 /* WebViewController.m */; };
		189CCA161C28303400D40486 /* WebViewController.xib in Resources */ = {isa = PBXBuildFile; fileRef = 189CCA141C28303400D40486 /* WebViewController.xib */; };
		18BB5B9B1C28F53B00B96A71 /* MJRefreshAutoFooter.m in Sources */ = {isa = PBXBuildFile; fileRef = 18BB5B711C28F53B00B96A71 /* MJRefreshAutoFooter.m */; };
		18BB5B9C1C28F53B00B96A71 /* MJRefreshBackFooter.m in Sources */ = {isa = PBXBuildFile; fileRef = 18BB5B731C28F53B00B96A71 /* MJRefreshBackFooter.m */; };
		18BB5B9D1C28F53B00B96A71 /* MJRefreshComponent.m in Sources */ = {isa = PBXBuildFile; fileRef = 18BB5B751C28F53B00B96A71 /* MJRefreshComponent.m */; };
		18BB5B9E1C28F53B00B96A71 /* MJRefreshFooter.m in Sources */ = {isa = PBXBuildFile; fileRef = 18BB5B771C28F53B00B96A71 /* MJRefreshFooter.m */; };
		18BB5B9F1C28F53B00B96A71 /* MJRefreshHeader.m in Sources */ = {isa = PBXBuildFile; fileRef = 18BB5B791C28F53B00B96A71 /* MJRefreshHeader.m */; };
		18BB5BA01C28F53B00B96A71 /* MJRefreshAutoGifFooter.m in Sources */ = {isa = PBXBuildFile; fileRef = 18BB5B7E1C28F53B00B96A71 /* MJRefreshAutoGifFooter.m */; };
		18BB5BA11C28F53B00B96A71 /* MJRefreshAutoNormalFooter.m in Sources */ = {isa = PBXBuildFile; fileRef = 18BB5B801C28F53B00B96A71 /* MJRefreshAutoNormalFooter.m */; };
		18BB5BA21C28F53B00B96A71 /* MJRefreshAutoStateFooter.m in Sources */ = {isa = PBXBuildFile; fileRef = 18BB5B821C28F53B00B96A71 /* MJRefreshAutoStateFooter.m */; };
		18BB5BA31C28F53B00B96A71 /* MJRefreshBackGifFooter.m in Sources */ = {isa = PBXBuildFile; fileRef = 18BB5B851C28F53B00B96A71 /* MJRefreshBackGifFooter.m */; };
		18BB5BA41C28F53B00B96A71 /* MJRefreshBackNormalFooter.m in Sources */ = {isa = PBXBuildFile; fileRef = 18BB5B871C28F53B00B96A71 /* MJRefreshBackNormalFooter.m */; };
		18BB5BA51C28F53B00B96A71 /* MJRefreshBackStateFooter.m in Sources */ = {isa = PBXBuildFile; fileRef = 18BB5B891C28F53B00B96A71 /* MJRefreshBackStateFooter.m */; };
		18BB5BA61C28F53B00B96A71 /* MJRefreshGifHeader.m in Sources */ = {isa = PBXBuildFile; fileRef = 18BB5B8C1C28F53B00B96A71 /* MJRefreshGifHeader.m */; };
		18BB5BA71C28F53B00B96A71 /* MJRefreshNormalHeader.m in Sources */ = {isa = PBXBuildFile; fileRef = 18BB5B8E1C28F53B00B96A71 /* MJRefreshNormalHeader.m */; };
		18BB5BA81C28F53B00B96A71 /* MJRefreshStateHeader.m in Sources */ = {isa = PBXBuildFile; fileRef = 18BB5B901C28F53B00B96A71 /* MJRefreshStateHeader.m */; };
		18BB5BA91C28F53B00B96A71 /* MJRefresh.bundle in Resources */ = {isa = PBXBuildFile; fileRef = 18BB5B911C28F53B00B96A71 /* MJRefresh.bundle */; };
		18BB5BAA1C28F53B00B96A71 /* MJRefreshConst.m in Sources */ = {isa = PBXBuildFile; fileRef = 18BB5B941C28F53B00B96A71 /* MJRefreshConst.m */; };
		18BB5BAB1C28F53B00B96A71 /* UIScrollView+MJExtension.m in Sources */ = {isa = PBXBuildFile; fileRef = 18BB5B961C28F53B00B96A71 /* UIScrollView+MJExtension.m */; };
		18BB5BAC1C28F53B00B96A71 /* UIScrollView+MJRefresh.m in Sources */ = {isa = PBXBuildFile; fileRef = 18BB5B981C28F53B00B96A71 /* UIScrollView+MJRefresh.m */; };
		18BB5BAD1C28F53B00B96A71 /* UIView+MJExtension.m in Sources */ = {isa = PBXBuildFile; fileRef = 18BB5B9A1C28F53B00B96A71 /* UIView+MJExtension.m */; };
		18BB5BB01C28F93300B96A71 /* TRLabel.m in Sources */ = {isa = PBXBuildFile; fileRef = 18BB5BAF1C28F93300B96A71 /* TRLabel.m */; };
		18BB5BB31C29201600B96A71 /* MBProgressHUD.m in Sources */ = {isa = PBXBuildFile; fileRef = 18BB5BB21C29201600B96A71 /* MBProgressHUD.m */; };
		18BB5BB71C2923B900B96A71 /* TRMapViewController.m in Sources */ = {isa = PBXBuildFile; fileRef = 18BB5BB51C2923B900B96A71 /* TRMapViewController.m */; };
		18BB5BB81C2923B900B96A71 /* TRMapViewController.xib in Resources */ = {isa = PBXBuildFile; fileRef = 18BB5BB61C2923B900B96A71 /* TRMapViewController.xib */; };
		18BB5BBA1C29247E00B96A71 /* MapKit.framework in Frameworks */ = {isa = PBXBuildFile; fileRef = 18BB5BB91C29247E00B96A71 /* MapKit.framework */; };
		18BB5BBD1C293DB700B96A71 /* TRBusiness.m in Sources */ = {isa = PBXBuildFile; fileRef = 18BB5BBC1C293DB700B96A71 /* TRBusiness.m */; };
		18BB5BC01C29401000B96A71 /* TRAnnotation.m in Sources */ = {isa = PBXBuildFile; fileRef = 18BB5BBF1C29401000B96A71 /* TRAnnotation.m */; };
		18BB5BC41C29601B00B96A71 /* MKAnnotationViewController.m in Sources */ = {isa = PBXBuildFile; fileRef = 18BB5BC21C29601B00B96A71 /* MKAnnotationViewController.m */; };
		18BB5BC51C29601B00B96A71 /* MKAnnotationViewController.xib in Resources */ = {isa = PBXBuildFile; fileRef = 18BB5BC31C29601B00B96A71 /* MKAnnotationViewController.xib */; };
		8505CE241C239373005B6B7E /* main.m in Sources */ = {isa = PBXBuildFile; fileRef = 8505CE231C239373005B6B7E /* main.m */; };
		8505CE271C239373005B6B7E /* AppDelegate.m in Sources */ = {isa = PBXBuildFile; fileRef = 8505CE261C239373005B6B7E /* AppDelegate.m */; };
		8505CE2D1C239373005B6B7E /* Main.storyboard in Resources */ = {isa = PBXBuildFile; fileRef = 8505CE2B1C239373005B6B7E /* Main.storyboard */; };
		8505CE2F1C239373005B6B7E /* Assets.xcassets in Resources */ = {isa = PBXBuildFile; fileRef = 8505CE2E1C239373005B6B7E /* Assets.xcassets */; };
		8505CE401C239421005B6B7E /* DPAPI.m in Sources */ = {isa = PBXBuildFile; fileRef = 8505CE3C1C239421005B6B7E /* DPAPI.m */; };
		8505CE411C239421005B6B7E /* DPRequest.m in Sources */ = {isa = PBXBuildFile; fileRef = 8505CE3F1C239421005B6B7E /* DPRequest.m */; };
		8505CE451C239D2D005B6B7E /* TRDeal.m in Sources */ = {isa = PBXBuildFile; fileRef = 8505CE441C239D2D005B6B7E /* TRDeal.m */; };
		8505CE491C23A184005B6B7E /* TRDataManager.m in Sources */ = {isa = PBXBuildFile; fileRef = 8505CE481C23A184005B6B7E /* TRDataManager.m */; };
		8505CE501C23B0D6005B6B7E /* categories.plist in Resources */ = {isa = PBXBuildFile; fileRef = 8505CE4C1C23B0D6005B6B7E /* categories.plist */; };
		8505CE511C23B0D6005B6B7E /* cities.plist in Resources */ = {isa = PBXBuildFile; fileRef = 8505CE4D1C23B0D6005B6B7E /* cities.plist */; };
		8505CE521C23B0D6005B6B7E /* cityGroups.plist in Resources */ = {isa = PBXBuildFile; fileRef = 8505CE4E1C23B0D6005B6B7E /* cityGroups.plist */; };
		8505CE531C23B0D6005B6B7E /* sorts.plist in Resources */ = {isa = PBXBuildFile; fileRef = 8505CE4F1C23B0D6005B6B7E /* sorts.plist */; };
		8505CE561C23B371005B6B7E /* TRSort.m in Sources */ = {isa = PBXBuildFile; fileRef = 8505CE551C23B371005B6B7E /* TRSort.m */; };
		8505CE591C23BA5E005B6B7E /* TRCategory.m in Sources */ = {isa = PBXBuildFile; fileRef = 8505CE581C23BA5E005B6B7E /* TRCategory.m */; };
		8505CE5E1C23DE05005B6B7E /* TRNavController.m in Sources */ = {isa = PBXBuildFile; fileRef = 8505CE5D1C23DE05005B6B7E /* TRNavController.m */; };
		8505CE611C23DE42005B6B7E /* TRMainCollectionViewController.m in Sources */ = {isa = PBXBuildFile; fileRef = 8505CE601C23DE42005B6B7E /* TRMainCollectionViewController.m */; };
		8505CE641C23E561005B6B7E /* TRNavLeftView.m in Sources */ = {isa = PBXBuildFile; fileRef = 8505CE631C23E561005B6B7E /* TRNavLeftView.m */; };
		8505CE661C23E5EE005B6B7E /* TRNavLeftView.xib in Resources */ = {isa = PBXBuildFile; fileRef = 8505CE651C23E5EE005B6B7E /* TRNavLeftView.xib */; };
		8505CE691C23FB54005B6B7E /* UIBarButtonItem+TRBarItem.m in Sources */ = {isa = PBXBuildFile; fileRef = 8505CE681C23FB54005B6B7E /* UIBarButtonItem+TRBarItem.m */; };
		85080ADF1C27D7FB00858070 /* Foundation+Log.m in Sources */ = {isa = PBXBuildFile; fileRef = 85080ADE1C27D7FB00858070 /* Foundation+Log.m */; };
		85080AE31C27EF4100858070 /* TRCollectionViewCell.m in Sources */ = {isa = PBXBuildFile; fileRef = 85080AE11C27EF4100858070 /* TRCollectionViewCell.m */; };
		85080AE41C27EF4100858070 /* TRCollectionViewCell.xib in Resources */ = {isa = PBXBuildFile; fileRef = 85080AE21C27EF4100858070 /* TRCollectionViewCell.xib */; };
		858BA4D91C24E72200BFE45E /* TRSortViewController.m in Sources */ = {isa = PBXBuildFile; fileRef = 858BA4D81C24E72200BFE45E /* TRSortViewController.m */; };
		858BA4DD1C24F53600BFE45E /* TRCategoryViewController.m in Sources */ = {isa = PBXBuildFile; fileRef = 858BA4DB1C24F53600BFE45E /* TRCategoryViewController.m */; };
		858BA4DE1C24F53600BFE45E /* TRCategoryViewController.xib in Resources */ = {isa = PBXBuildFile; fileRef = 858BA4DC1C24F53600BFE45E /* TRCategoryViewController.xib */; };
		858BA4E21C24F5A400BFE45E /* TRRegionViewController.m in Sources */ = {isa = PBXBuildFile; fileRef = 858BA4E01C24F5A400BFE45E /* TRRegionViewController.m */; };
		858BA4E31C24F5A400BFE45E /* TRRegionViewController.xib in Resources */ = {isa = PBXBuildFile; fileRef = 858BA4E11C24F5A400BFE45E /* TRRegionViewController.xib */; };
		858BA4E61C24F94D00BFE45E /* TRCity.m in Sources */ = {isa = PBXBuildFile; fileRef = 858BA4E51C24F94D00BFE45E /* TRCity.m */; };
		858BA4E91C24FA6000BFE45E /* TRCityGroup.m in Sources */ = {isa = PBXBuildFile; fileRef = 858BA4E81C24FA6000BFE45E /* TRCityGroup.m */; };
		858BA4EC1C2508CC00BFE45E /* TRRegion.m in Sources */ = {isa = PBXBuildFile; fileRef = 858BA4EB1C2508CC00BFE45E /* TRRegion.m */; };
		858BA4EF1C25311300BFE45E /* TRTableViewCell.m in Sources */ = {isa = PBXBuildFile; fileRef = 858BA4EE1C25311300BFE45E /* TRTableViewCell.m */; };
		858BA4F31C253D3900BFE45E /* TRCityGroupViewController.m in Sources */ = {isa = PBXBuildFile; fileRef = 858BA4F11C253D3900BFE45E /* TRCityGroupViewController.m */; };
		858BA4F41C253D3900BFE45E /* TRCityGroupViewController.xib in Resources */ = {isa = PBXBuildFile; fileRef = 858BA4F21C253D3900BFE45E /* TRCityGroupViewController.xib */; };
/* End PBXBuildFile section */

/* Begin PBXFileReference section */
		184951041C2A491800BCE2E3 /* TRBaseCollectionViewController.h */ = {isa = PBXFileReference; fileEncoding = 4; lastKnownFileType = sourcecode.c.h; path = TRBaseCollectionViewController.h; sourceTree = "<group>"; };
		184951051C2A491800BCE2E3 /* TRBaseCollectionViewController.m */ = {isa = PBXFileReference; fileEncoding = 4; lastKnownFileType = sourcecode.c.objc; path = TRBaseCollectionViewController.m; sourceTree = "<group>"; };
		184951071C2A496100BCE2E3 /* TRSearchViewController.h */ = {isa = PBXFileReference; fileEncoding = 4; lastKnownFileType = sourcecode.c.h; path = TRSearchViewController.h; sourceTree = "<group>"; };
		184951081C2A496100BCE2E3 /* TRSearchViewController.m */ = {isa = PBXFileReference; fileEncoding = 4; lastKnownFileType = sourcecode.c.objc; path = TRSearchViewController.m; sourceTree = "<group>"; };
		1849510B1C2A7F6700BCE2E3 /* UIView+AutoLayout.h */ = {isa = PBXFileReference; fileEncoding = 4; lastKnownFileType = sourcecode.c.h; path = "UIView+AutoLayout.h"; sourceTree = "<group>"; };
		1849510C1C2A7F6700BCE2E3 /* UIView+AutoLayout.m */ = {isa = PBXFileReference; fileEncoding = 4; lastKnownFileType = sourcecode.c.objc; path = "UIView+AutoLayout.m"; sourceTree = "<group>"; };
		189CC9DE1C2829C600D40486 /* MKAnnotationView+WebCache.h */ = {isa = PBXFileReference; fileEncoding = 4; lastKnownFileType = sourcecode.c.h; path = "MKAnnotationView+WebCache.h"; sourceTree = "<group>"; };
		189CC9DF1C2829C600D40486 /* MKAnnotationView+WebCache.m */ = {isa = PBXFileReference; fileEncoding = 4; lastKnownFileType = sourcecode.c.objc; path = "MKAnnotationView+WebCache.m"; sourceTree = "<group>"; };
		189CC9E01C2829C600D40486 /* NSData+ImageContentType.h */ = {isa = PBXFileReference; fileEncoding = 4; lastKnownFileType = sourcecode.c.h; path = "NSData+ImageContentType.h"; sourceTree = "<group>"; };
		189CC9E11C2829C600D40486 /* NSData+ImageContentType.m */ = {isa = PBXFileReference; fileEncoding = 4; lastKnownFileType = sourcecode.c.objc; path = "NSData+ImageContentType.m"; sourceTree = "<group>"; };
		189CC9E21C2829C600D40486 /* SDImageCache.h */ = {isa = PBXFileReference; fileEncoding = 4; lastKnownFileType = sourcecode.c.h; path = SDImageCache.h; sourceTree = "<group>"; };
		189CC9E31C2829C600D40486 /* SDImageCache.m */ = {isa = PBXFileReference; fileEncoding = 4; lastKnownFileType = sourcecode.c.objc; path = SDImageCache.m; sourceTree = "<group>"; };
		189CC9E41C2829C600D40486 /* SDWebImageCompat.h */ = {isa = PBXFileReference; fileEncoding = 4; lastKnownFileType = sourcecode.c.h; path = SDWebImageCompat.h; sourceTree = "<group>"; };
		189CC9E51C2829C600D40486 /* SDWebImageCompat.m */ = {isa = PBXFileReference; fileEncoding = 4; lastKnownFileType = sourcecode.c.objc; path = SDWebImageCompat.m; sourceTree = "<group>"; };
		189CC9E61C2829C600D40486 /* SDWebImageDecoder.h */ = {isa = PBXFileReference; fileEncoding = 4; lastKnownFileType = sourcecode.c.h; path = SDWebImageDecoder.h; sourceTree = "<group>"; };
		189CC9E71C2829C600D40486 /* SDWebImageDecoder.m */ = {isa = PBXFileReference; fileEncoding = 4; lastKnownFileType = sourcecode.c.objc; path = SDWebImageDecoder.m; sourceTree = "<group>"; };
		189CC9E81C2829C600D40486 /* SDWebImageDownloader.h */ = {isa = PBXFileReference; fileEncoding = 4; lastKnownFileType = sourcecode.c.h; path = SDWebImageDownloader.h; sourceTree = "<group>"; };
		189CC9E91C2829C600D40486 /* SDWebImageDownloader.m */ = {isa = PBXFileReference; fileEncoding = 4; lastKnownFileType = sourcecode.c.objc; path = SDWebImageDownloader.m; sourceTree = "<group>"; };
		189CC9EA1C2829C600D40486 /* SDWebImageDownloaderOperation.h */ = {isa = PBXFileReference; fileEncoding = 4; lastKnownFileType = sourcecode.c.h; path = SDWebImageDownloaderOperation.h; sourceTree = "<group>"; };
		189CC9EB1C2829C600D40486 /* SDWebImageDownloaderOperation.m */ = {isa = PBXFileReference; fileEncoding = 4; lastKnownFileType = sourcecode.c.objc; path = SDWebImageDownloaderOperation.m; sourceTree = "<group>"; };
		189CC9EC1C2829C600D40486 /* SDWebImageManager.h */ = {isa = PBXFileReference; fileEncoding = 4; lastKnownFileType = sourcecode.c.h; path = SDWebImageManager.h; sourceTree = "<group>"; };
		189CC9ED1C2829C600D40486 /* SDWebImageManager.m */ = {isa = PBXFileReference; fileEncoding = 4; lastKnownFileType = sourcecode.c.objc; path = SDWebImageManager.m; sourceTree = "<group>"; };
		189CC9EE1C2829C600D40486 /* SDWebImageOperation.h */ = {isa = PBXFileReference; fileEncoding = 4; lastKnownFileType = sourcecode.c.h; path = SDWebImageOperation.h; sourceTree = "<group>"; };
		189CC9EF1C2829C600D40486 /* SDWebImagePrefetcher.h */ = {isa = PBXFileReference; fileEncoding = 4; lastKnownFileType = sourcecode.c.h; path = SDWebImagePrefetcher.h; sourceTree = "<group>"; };
		189CC9F01C2829C600D40486 /* SDWebImagePrefetcher.m */ = {isa = PBXFileReference; fileEncoding = 4; lastKnownFileType = sourcecode.c.objc; path = SDWebImagePrefetcher.m; sourceTree = "<group>"; };
		189CC9F11C2829C600D40486 /* UIButton+WebCache.h */ = {isa = PBXFileReference; fileEncoding = 4; lastKnownFileType = sourcecode.c.h; path = "UIButton+WebCache.h"; sourceTree = "<group>"; };
		189CC9F21C2829C600D40486 /* UIButton+WebCache.m */ = {isa = PBXFileReference; fileEncoding = 4; lastKnownFileType = sourcecode.c.objc; path = "UIButton+WebCache.m"; sourceTree = "<group>"; };
		189CC9F31C2829C600D40486 /* UIImage+GIF.h */ = {isa = PBXFileReference; fileEncoding = 4; lastKnownFileType = sourcecode.c.h; path = "UIImage+GIF.h"; sourceTree = "<group>"; };
		189CC9F41C2829C600D40486 /* UIImage+GIF.m */ = {isa = PBXFileReference; fileEncoding = 4; lastKnownFileType = sourcecode.c.objc; path = "UIImage+GIF.m"; sourceTree = "<group>"; };
		189CC9F51C2829C600D40486 /* UIImage+MultiFormat.h */ = {isa = PBXFileReference; fileEncoding = 4; lastKnownFileType = sourcecode.c.h; path = "UIImage+MultiFormat.h"; sourceTree = "<group>"; };
		189CC9F61C2829C600D40486 /* UIImage+MultiFormat.m */ = {isa = PBXFileReference; fileEncoding = 4; lastKnownFileType = sourcecode.c.objc; path = "UIImage+MultiFormat.m"; sourceTree = "<group>"; };
		189CC9F71C2829C600D40486 /* UIImage+WebP.h */ = {isa = PBXFileReference; fileEncoding = 4; lastKnownFileType = sourcecode.c.h; path = "UIImage+WebP.h"; sourceTree = "<group>"; };
		189CC9F81C2829C600D40486 /* UIImage+WebP.m */ = {isa = PBXFileReference; fileEncoding = 4; lastKnownFileType = sourcecode.c.objc; path = "UIImage+WebP.m"; sourceTree = "<group>"; };
		189CC9F91C2829C600D40486 /* UIImageView+HighlightedWebCache.h */ = {isa = PBXFileReference; fileEncoding = 4; lastKnownFileType = sourcecode.c.h; path = "UIImageView+HighlightedWebCache.h"; sourceTree = "<group>"; };
		189CC9FA1C2829C600D40486 /* UIImageView+HighlightedWebCache.m */ = {isa = PBXFileReference; fileEncoding = 4; lastKnownFileType = sourcecode.c.objc; path = "UIImageView+HighlightedWebCache.m"; sourceTree = "<group>"; };
		189CC9FB1C2829C600D40486 /* UIImageView+WebCache.h */ = {isa = PBXFileReference; fileEncoding = 4; lastKnownFileType = sourcecode.c.h; path = "UIImageView+WebCache.h"; sourceTree = "<group>"; };
		189CC9FC1C2829C600D40486 /* UIImageView+WebCache.m */ = {isa = PBXFileReference; fileEncoding = 4; lastKnownFileType = sourcecode.c.objc; path = "UIImageView+WebCache.m"; sourceTree = "<group>"; };
		189CC9FD1C2829C600D40486 /* UIView+WebCacheOperation.h */ = {isa = PBXFileReference; fileEncoding = 4; lastKnownFileType = sourcecode.c.h; path = "UIView+WebCacheOperation.h"; sourceTree = "<group>"; };
		189CC9FE1C2829C600D40486 /* UIView+WebCacheOperation.m */ = {isa = PBXFileReference; fileEncoding = 4; lastKnownFileType = sourcecode.c.objc; path = "UIView+WebCacheOperation.m"; sourceTree = "<group>"; };
		189CCA121C28303400D40486 /* WebViewController.h */ = {isa = PBXFileReference; fileEncoding = 4; lastKnownFileType = sourcecode.c.h; path = WebViewController.h; sourceTree = "<group>"; };
		189CCA131C28303400D40486 /* WebViewController.m */ = {isa = PBXFileReference; fileEncoding = 4; lastKnownFileType = sourcecode.c.objc; path = WebViewController.m; sourceTree = "<group>"; };
		189CCA141C28303400D40486 /* WebViewController.xib */ = {isa = PBXFileReference; fileEncoding = 4; lastKnownFileType = file.xib; path = WebViewController.xib; sourceTree = "<group>"; };
		18BB5B701C28F53B00B96A71 /* MJRefreshAutoFooter.h */ = {isa = PBXFileReference; fileEncoding = 4; lastKnownFileType = sourcecode.c.h; path = MJRefreshAutoFooter.h; sourceTree = "<group>"; };
		18BB5B711C28F53B00B96A71 /* MJRefreshAutoFooter.m */ = {isa = PBXFileReference; fileEncoding = 4; lastKnownFileType = sourcecode.c.objc; path = MJRefreshAutoFooter.m; sourceTree = "<group>"; };
		18BB5B721C28F53B00B96A71 /* MJRefreshBackFooter.h */ = {isa = PBXFileReference; fileEncoding = 4; lastKnownFileType = sourcecode.c.h; path = MJRefreshBackFooter.h; sourceTree = "<group>"; };
		18BB5B731C28F53B00B96A71 /* MJRefreshBackFooter.m */ = {isa = PBXFileReference; fileEncoding = 4; lastKnownFileType = sourcecode.c.objc; path = MJRefreshBackFooter.m; sourceTree = "<group>"; };
		18BB5B741C28F53B00B96A71 /* MJRefreshComponent.h */ = {isa = PBXFileReference; fileEncoding = 4; lastKnownFileType = sourcecode.c.h; path = MJRefreshComponent.h; sourceTree = "<group>"; };
		18BB5B751C28F53B00B96A71 /* MJRefreshComponent.m */ = {isa = PBXFileReference; fileEncoding = 4; lastKnownFileType = sourcecode.c.objc; path = MJRefreshComponent.m; sourceTree = "<group>"; };
		18BB5B761C28F53B00B96A71 /* MJRefreshFooter.h */ = {isa = PBXFileReference; fileEncoding = 4; lastKnownFileType = sourcecode.c.h; path = MJRefreshFooter.h; sourceTree = "<group>"; };
		18BB5B771C28F53B00B96A71 /* MJRefreshFooter.m */ = {isa = PBXFileReference; fileEncoding = 4; lastKnownFileType = sourcecode.c.objc; path = MJRefreshFooter.m; sourceTree = "<group>"; };
		18BB5B781C28F53B00B96A71 /* MJRefreshHeader.h */ = {isa = PBXFileReference; fileEncoding = 4; lastKnownFileType = sourcecode.c.h; path = MJRefreshHeader.h; sourceTree = "<group>"; };
		18BB5B791C28F53B00B96A71 /* MJRefreshHeader.m */ = {isa = PBXFileReference; fileEncoding = 4; lastKnownFileType = sourcecode.c.objc; path = MJRefreshHeader.m; sourceTree = "<group>"; };
		18BB5B7D1C28F53B00B96A71 /* MJRefreshAutoGifFooter.h */ = {isa = PBXFileReference; fileEncoding = 4; lastKnownFileType = sourcecode.c.h; path = MJRefreshAutoGifFooter.h; sourceTree = "<group>"; };
		18BB5B7E1C28F53B00B96A71 /* MJRefreshAutoGifFooter.m */ = {isa = PBXFileReference; fileEncoding = 4; lastKnownFileType = sourcecode.c.objc; path = MJRefreshAutoGifFooter.m; sourceTree = "<group>"; };
		18BB5B7F1C28F53B00B96A71 /* MJRefreshAutoNormalFooter.h */ = {isa = PBXFileReference; fileEncoding = 4; lastKnownFileType = sourcecode.c.h; path = MJRefreshAutoNormalFooter.h; sourceTree = "<group>"; };
		18BB5B801C28F53B00B96A71 /* MJRefreshAutoNormalFooter.m */ = {isa = PBXFileReference; fileEncoding = 4; lastKnownFileType = sourcecode.c.objc; path = MJRefreshAutoNormalFooter.m; sourceTree = "<group>"; };
		18BB5B811C28F53B00B96A71 /* MJRefreshAutoStateFooter.h */ = {isa = PBXFileReference; fileEncoding = 4; lastKnownFileType = sourcecode.c.h; path = MJRefreshAutoStateFooter.h; sourceTree = "<group>"; };
		18BB5B821C28F53B00B96A71 /* MJRefreshAutoStateFooter.m */ = {isa = PBXFileReference; fileEncoding = 4; lastKnownFileType = sourcecode.c.objc; path = MJRefreshAutoStateFooter.m; sourceTree = "<group>"; };
		18BB5B841C28F53B00B96A71 /* MJRefreshBackGifFooter.h */ = {isa = PBXFileReference; fileEncoding = 4; lastKnownFileType = sourcecode.c.h; path = MJRefreshBackGifFooter.h; sourceTree = "<group>"; };
		18BB5B851C28F53B00B96A71 /* MJRefreshBackGifFooter.m */ = {isa = PBXFileReference; fileEncoding = 4; lastKnownFileType = sourcecode.c.objc; path = MJRefreshBackGifFooter.m; sourceTree = "<group>"; };
		18BB5B861C28F53B00B96A71 /* MJRefreshBackNormalFooter.h */ = {isa = PBXFileReference; fileEncoding = 4; lastKnownFileType = sourcecode.c.h; path = MJRefreshBackNormalFooter.h; sourceTree = "<group>"; };
		18BB5B871C28F53B00B96A71 /* MJRefreshBackNormalFooter.m */ = {isa = PBXFileReference; fileEncoding = 4; lastKnownFileType = sourcecode.c.objc; path = MJRefreshBackNormalFooter.m; sourceTree = "<group>"; };
		18BB5B881C28F53B00B96A71 /* MJRefreshBackStateFooter.h */ = {isa = PBXFileReference; fileEncoding = 4; lastKnownFileType = sourcecode.c.h; path = MJRefreshBackStateFooter.h; sourceTree = "<group>"; };
		18BB5B891C28F53B00B96A71 /* MJRefreshBackStateFooter.m */ = {isa = PBXFileReference; fileEncoding = 4; lastKnownFileType = sourcecode.c.objc; path = MJRefreshBackStateFooter.m; sourceTree = "<group>"; };
		18BB5B8B1C28F53B00B96A71 /* MJRefreshGifHeader.h */ = {isa = PBXFileReference; fileEncoding = 4; lastKnownFileType = sourcecode.c.h; path = MJRefreshGifHeader.h; sourceTree = "<group>"; };
		18BB5B8C1C28F53B00B96A71 /* MJRefreshGifHeader.m */ = {isa = PBXFileReference; fileEncoding = 4; lastKnownFileType = sourcecode.c.objc; path = MJRefreshGifHeader.m; sourceTree = "<group>"; };
		18BB5B8D1C28F53B00B96A71 /* MJRefreshNormalHeader.h */ = {isa = PBXFileReference; fileEncoding = 4; lastKnownFileType = sourcecode.c.h; path = MJRefreshNormalHeader.h; sourceTree = "<group>"; };
		18BB5B8E1C28F53B00B96A71 /* MJRefreshNormalHeader.m */ = {isa = PBXFileReference; fileEncoding = 4; lastKnownFileType = sourcecode.c.objc; path = MJRefreshNormalHeader.m; sourceTree = "<group>"; };
		18BB5B8F1C28F53B00B96A71 /* MJRefreshStateHeader.h */ = {isa = PBXFileReference; fileEncoding = 4; lastKnownFileType = sourcecode.c.h; path = MJRefreshStateHeader.h; sourceTree = "<group>"; };
		18BB5B901C28F53B00B96A71 /* MJRefreshStateHeader.m */ = {isa = PBXFileReference; fileEncoding = 4; lastKnownFileType = sourcecode.c.objc; path = MJRefreshStateHeader.m; sourceTree = "<group>"; };
		18BB5B911C28F53B00B96A71 /* MJRefresh.bundle */ = {isa = PBXFileReference; lastKnownFileType = "wrapper.plug-in"; path = MJRefresh.bundle; sourceTree = "<group>"; };
		18BB5B921C28F53B00B96A71 /* MJRefresh.h */ = {isa = PBXFileReference; fileEncoding = 4; lastKnownFileType = sourcecode.c.h; path = MJRefresh.h; sourceTree = "<group>"; };
		18BB5B931C28F53B00B96A71 /* MJRefreshConst.h */ = {isa = PBXFileReference; fileEncoding = 4; lastKnownFileType = sourcecode.c.h; path = MJRefreshConst.h; sourceTree = "<group>"; };
		18BB5B941C28F53B00B96A71 /* MJRefreshConst.m */ = {isa = PBXFileReference; fileEncoding = 4; lastKnownFileType = sourcecode.c.objc; path = MJRefreshConst.m; sourceTree = "<group>"; };
		18BB5B951C28F53B00B96A71 /* UIScrollView+MJExtension.h */ = {isa = PBXFileReference; fileEncoding = 4; lastKnownFileType = sourcecode.c.h; path = "UIScrollView+MJExtension.h"; sourceTree = "<group>"; };
		18BB5B961C28F53B00B96A71 /* UIScrollView+MJExtension.m */ = {isa = PBXFileReference; fileEncoding = 4; lastKnownFileType = sourcecode.c.objc; path = "UIScrollView+MJExtension.m"; sourceTree = "<group>"; };
		18BB5B971C28F53B00B96A71 /* UIScrollView+MJRefresh.h */ = {isa = PBXFileReference; fileEncoding = 4; lastKnownFileType = sourcecode.c.h; path = "UIScrollView+MJRefresh.h"; sourceTree = "<group>"; };
		18BB5B981C28F53B00B96A71 /* UIScrollView+MJRefresh.m */ = {isa = PBXFileReference; fileEncoding = 4; lastKnownFileType = sourcecode.c.objc; path = "UIScrollView+MJRefresh.m"; sourceTree = "<group>"; };
		18BB5B991C28F53B00B96A71 /* UIView+MJExtension.h */ = {isa = PBXFileReference; fileEncoding = 4; lastKnownFileType = sourcecode.c.h; path = "UIView+MJExtension.h"; sourceTree = "<group>"; };
		18BB5B9A1C28F53B00B96A71 /* UIView+MJExtension.m */ = {isa = PBXFileReference; fileEncoding = 4; lastKnownFileType = sourcecode.c.objc; path = "UIView+MJExtension.m"; sourceTree = "<group>"; };
		18BB5BAE1C28F93300B96A71 /* TRLabel.h */ = {isa = PBXFileReference; fileEncoding = 4; lastKnownFileType = sourcecode.c.h; path = TRLabel.h; sourceTree = "<group>"; };
		18BB5BAF1C28F93300B96A71 /* TRLabel.m */ = {isa = PBXFileReference; fileEncoding = 4; lastKnownFileType = sourcecode.c.objc; path = TRLabel.m; sourceTree = "<group>"; };
		18BB5BB11C29201600B96A71 /* MBProgressHUD.h */ = {isa = PBXFileReference; fileEncoding = 4; lastKnownFileType = sourcecode.c.h; path = MBProgressHUD.h; sourceTree = "<group>"; };
		18BB5BB21C29201600B96A71 /* MBProgressHUD.m */ = {isa = PBXFileReference; fileEncoding = 4; lastKnownFileType = sourcecode.c.objc; path = MBProgressHUD.m; sourceTree = "<group>"; };
		18BB5BB41C2923B900B96A71 /* TRMapViewController.h */ = {isa = PBXFileReference; fileEncoding = 4; lastKnownFileType = sourcecode.c.h; path = TRMapViewController.h; sourceTree = "<group>"; };
		18BB5BB51C2923B900B96A71 /* TRMapViewController.m */ = {isa = PBXFileReference; fileEncoding = 4; lastKnownFileType = sourcecode.c.objc; path = TRMapViewController.m; sourceTree = "<group>"; };
		18BB5BB61C2923B900B96A71 /* TRMapViewController.xib */ = {isa = PBXFileReference; fileEncoding = 4; lastKnownFileType = file.xib; path = TRMapViewController.xib; sourceTree = "<group>"; };
		18BB5BB91C29247E00B96A71 /* MapKit.framework */ = {isa = PBXFileReference; lastKnownFileType = wrapper.framework; name = MapKit.framework; path = System/Library/Frameworks/MapKit.framework; sourceTree = SDKROOT; };
		18BB5BBB1C293DB700B96A71 /* TRBusiness.h */ = {isa = PBXFileReference; fileEncoding = 4; lastKnownFileType = sourcecode.c.h; path = TRBusiness.h; sourceTree = "<group>"; };
		18BB5BBC1C293DB700B96A71 /* TRBusiness.m */ = {isa = PBXFileReference; fileEncoding = 4; lastKnownFileType = sourcecode.c.objc; path = TRBusiness.m; sourceTree = "<group>"; };
		18BB5BBE1C29401000B96A71 /* TRAnnotation.h */ = {isa = PBXFileReference; fileEncoding = 4; lastKnownFileType = sourcecode.c.h; path = TRAnnotation.h; sourceTree = "<group>"; };
		18BB5BBF1C29401000B96A71 /* TRAnnotation.m */ = {isa = PBXFileReference; fileEncoding = 4; lastKnownFileType = sourcecode.c.objc; path = TRAnnotation.m; sourceTree = "<group>"; };
		18BB5BC11C29601B00B96A71 /* MKAnnotationViewController.h */ = {isa = PBXFileReference; fileEncoding = 4; lastKnownFileType = sourcecode.c.h; path = MKAnnotationViewController.h; sourceTree = "<group>"; };
		18BB5BC21C29601B00B96A71 /* MKAnnotationViewController.m */ = {isa = PBXFileReference; fileEncoding = 4; lastKnownFileType = sourcecode.c.objc; path = MKAnnotationViewController.m; sourceTree = "<group>"; };
		18BB5BC31C29601B00B96A71 /* MKAnnotationViewController.xib */ = {isa = PBXFileReference; fileEncoding = 4; lastKnownFileType = file.xib; path = MKAnnotationViewController.xib; sourceTree = "<group>"; };
		8505CE1F1C239373005B6B7E /* TRFindDeals.app */ = {isa = PBXFileReference; explicitFileType = wrapper.application; includeInIndex = 0; path = TRFindDeals.app; sourceTree = BUILT_PRODUCTS_DIR; };
		8505CE231C239373005B6B7E /* main.m */ = {isa = PBXFileReference; lastKnownFileType = sourcecode.c.objc; path = main.m; sourceTree = "<group>"; };
		8505CE251C239373005B6B7E /* AppDelegate.h */ = {isa = PBXFileReference; lastKnownFileType = sourcecode.c.h; path = AppDelegate.h; sourceTree = "<group>"; };
		8505CE261C239373005B6B7E /* AppDelegate.m */ = {isa = PBXFileReference; lastKnownFileType = sourcecode.c.objc; path = AppDelegate.m; sourceTree = "<group>"; };
		8505CE2C1C239373005B6B7E /* Base */ = {isa = PBXFileReference; lastKnownFileType = file.storyboard; name = Base; path = Base.lproj/Main.storyboard; sourceTree = "<group>"; };
		8505CE2E1C239373005B6B7E /* Assets.xcassets */ = {isa = PBXFileReference; lastKnownFileType = folder.assetcatalog; path = Assets.xcassets; sourceTree = "<group>"; };
		8505CE331C239373005B6B7E /* Info.plist */ = {isa = PBXFileReference; lastKnownFileType = text.plist.xml; path = Info.plist; sourceTree = "<group>"; };
		8505CE3B1C239421005B6B7E /* DPAPI.h */ = {isa = PBXFileReference; fileEncoding = 4; lastKnownFileType = sourcecode.c.h; path = DPAPI.h; sourceTree = "<group>"; };
		8505CE3C1C239421005B6B7E /* DPAPI.m */ = {isa = PBXFileReference; fileEncoding = 4; lastKnownFileType = sourcecode.c.objc; path = DPAPI.m; sourceTree = "<group>"; };
		8505CE3D1C239421005B6B7E /* DPConstants.h */ = {isa = PBXFileReference; fileEncoding = 4; lastKnownFileType = sourcecode.c.h; path = DPConstants.h; sourceTree = "<group>"; };
		8505CE3E1C239421005B6B7E /* DPRequest.h */ = {isa = PBXFileReference; fileEncoding = 4; lastKnownFileType = sourcecode.c.h; path = DPRequest.h; sourceTree = "<group>"; };
		8505CE3F1C239421005B6B7E /* DPRequest.m */ = {isa = PBXFileReference; fileEncoding = 4; lastKnownFileType = sourcecode.c.objc; path = DPRequest.m; sourceTree = "<group>"; };
		8505CE431C239D2D005B6B7E /* TRDeal.h */ = {isa = PBXFileReference; fileEncoding = 4; lastKnownFileType = sourcecode.c.h; path = TRDeal.h; sourceTree = "<group>"; };
		8505CE441C239D2D005B6B7E /* TRDeal.m */ = {isa = PBXFileReference; fileEncoding = 4; lastKnownFileType = sourcecode.c.objc; path = TRDeal.m; sourceTree = "<group>"; };
		8505CE471C23A184005B6B7E /* TRDataManager.h */ = {isa = PBXFileReference; fileEncoding = 4; lastKnownFileType = sourcecode.c.h; path = TRDataManager.h; sourceTree = "<group>"; };
		8505CE481C23A184005B6B7E /* TRDataManager.m */ = {isa = PBXFileReference; fileEncoding = 4; lastKnownFileType = sourcecode.c.objc; path = TRDataManager.m; sourceTree = "<group>"; };
		8505CE4C1C23B0D6005B6B7E /* categories.plist */ = {isa = PBXFileReference; fileEncoding = 4; lastKnownFileType = text.plist.xml; path = categories.plist; sourceTree = "<group>"; };
		8505CE4D1C23B0D6005B6B7E /* cities.plist */ = {isa = PBXFileReference; fileEncoding = 4; lastKnownFileType = text.plist.xml; path = cities.plist; sourceTree = "<group>"; };
		8505CE4E1C23B0D6005B6B7E /* cityGroups.plist */ = {isa = PBXFileReference; fileEncoding = 4; lastKnownFileType = text.plist.xml; path = cityGroups.plist; sourceTree = "<group>"; };
		8505CE4F1C23B0D6005B6B7E /* sorts.plist */ = {isa = PBXFileReference; fileEncoding = 4; lastKnownFileType = text.plist.xml; path = sorts.plist; sourceTree = "<group>"; };
		8505CE541C23B371005B6B7E /* TRSort.h */ = {isa = PBXFileReference; fileEncoding = 4; lastKnownFileType = sourcecode.c.h; path = TRSort.h; sourceTree = "<group>"; };
		8505CE551C23B371005B6B7E /* TRSort.m */ = {isa = PBXFileReference; fileEncoding = 4; lastKnownFileType = sourcecode.c.objc; path = TRSort.m; sourceTree = "<group>"; };
		8505CE571C23BA5E005B6B7E /* TRCategory.h */ = {isa = PBXFileReference; fileEncoding = 4; lastKnownFileType = sourcecode.c.h; path = TRCategory.h; sourceTree = "<group>"; };
		8505CE581C23BA5E005B6B7E /* TRCategory.m */ = {isa = PBXFileReference; fileEncoding = 4; lastKnownFileType = sourcecode.c.objc; path = TRCategory.m; sourceTree = "<group>"; };
		8505CE5C1C23DE05005B6B7E /* TRNavController.h */ = {isa = PBXFileReference; fileEncoding = 4; lastKnownFileType = sourcecode.c.h; path = TRNavController.h; sourceTree = "<group>"; };
		8505CE5D1C23DE05005B6B7E /* TRNavController.m */ = {isa = PBXFileReference; fileEncoding = 4; lastKnownFileType = sourcecode.c.objc; path = TRNavController.m; sourceTree = "<group>"; };
		8505CE5F1C23DE42005B6B7E /* TRMainCollectionViewController.h */ = {isa = PBXFileReference; fileEncoding = 4; lastKnownFileType = sourcecode.c.h; path = TRMainCollectionViewController.h; sourceTree = "<group>"; };
		8505CE601C23DE42005B6B7E /* TRMainCollectionViewController.m */ = {isa = PBXFileReference; fileEncoding = 4; lastKnownFileType = sourcecode.c.objc; path = TRMainCollectionViewController.m; sourceTree = "<group>"; };
		8505CE621C23E561005B6B7E /* TRNavLeftView.h */ = {isa = PBXFileReference; fileEncoding = 4; lastKnownFileType = sourcecode.c.h; path = TRNavLeftView.h; sourceTree = "<group>"; };
		8505CE631C23E561005B6B7E /* TRNavLeftView.m */ = {isa = PBXFileReference; fileEncoding = 4; lastKnownFileType = sourcecode.c.objc; path = TRNavLeftView.m; sourceTree = "<group>"; };
		8505CE651C23E5EE005B6B7E /* TRNavLeftView.xib */ = {isa = PBXFileReference; fileEncoding = 4; lastKnownFileType = file.xib; path = TRNavLeftView.xib; sourceTree = "<group>"; };
		8505CE671C23FB54005B6B7E /* UIBarButtonItem+TRBarItem.h */ = {isa = PBXFileReference; fileEncoding = 4; lastKnownFileType = sourcecode.c.h; path = "UIBarButtonItem+TRBarItem.h"; sourceTree = "<group>"; };
		8505CE681C23FB54005B6B7E /* UIBarButtonItem+TRBarItem.m */ = {isa = PBXFileReference; fileEncoding = 4; lastKnownFileType = sourcecode.c.objc; path = "UIBarButtonItem+TRBarItem.m"; sourceTree = "<group>"; };
		85080ADE1C27D7FB00858070 /* Foundation+Log.m */ = {isa = PBXFileReference; fileEncoding = 4; lastKnownFileType = sourcecode.c.objc; path = "Foundation+Log.m"; sourceTree = "<group>"; };
		85080AE01C27EF4100858070 /* TRCollectionViewCell.h */ = {isa = PBXFileReference; fileEncoding = 4; lastKnownFileType = sourcecode.c.h; path = TRCollectionViewCell.h; sourceTree = "<group>"; };
		85080AE11C27EF4100858070 /* TRCollectionViewCell.m */ = {isa = PBXFileReference; fileEncoding = 4; lastKnownFileType = sourcecode.c.objc; path = TRCollectionViewCell.m; sourceTree = "<group>"; };
		85080AE21C27EF4100858070 /* TRCollectionViewCell.xib */ = {isa = PBXFileReference; fileEncoding = 4; lastKnownFileType = file.xib; path = TRCollectionViewCell.xib; sourceTree = "<group>"; };
		858BA4D71C24E72200BFE45E /* TRSortViewController.h */ = {isa = PBXFileReference; fileEncoding = 4; lastKnownFileType = sourcecode.c.h; path = TRSortViewController.h; sourceTree = "<group>"; };
		858BA4D81C24E72200BFE45E /* TRSortViewController.m */ = {isa = PBXFileReference; fileEncoding = 4; lastKnownFileType = sourcecode.c.objc; path = TRSortViewController.m; sourceTree = "<group>"; };
		858BA4DA1C24F53600BFE45E /* TRCategoryViewController.h */ = {isa = PBXFileReference; fileEncoding = 4; lastKnownFileType = sourcecode.c.h; path = TRCategoryViewController.h; sourceTree = "<group>"; };
		858BA4DB1C24F53600BFE45E /* TRCategoryViewController.m */ = {isa = PBXFileReference; fileEncoding = 4; lastKnownFileType = sourcecode.c.objc; path = TRCategoryViewController.m; sourceTree = "<group>"; };
		858BA4DC1C24F53600BFE45E /* TRCategoryViewController.xib */ = {isa = PBXFileReference; fileEncoding = 4; lastKnownFileType = file.xib; path = TRCategoryViewController.xib; sourceTree = "<group>"; };
		858BA4DF1C24F5A400BFE45E /* TRRegionViewController.h */ = {isa = PBXFileReference; fileEncoding = 4; lastKnownFileType = sourcecode.c.h; path = TRRegionViewController.h; sourceTree = "<group>"; };
		858BA4E01C24F5A400BFE45E /* TRRegionViewController.m */ = {isa = PBXFileReference; fileEncoding = 4; lastKnownFileType = sourcecode.c.objc; path = TRRegionViewController.m; sourceTree = "<group>"; };
		858BA4E11C24F5A400BFE45E /* TRRegionViewController.xib */ = {isa = PBXFileReference; fileEncoding = 4; lastKnownFileType = file.xib; path = TRRegionViewController.xib; sourceTree = "<group>"; };
		858BA4E41C24F94D00BFE45E /* TRCity.h */ = {isa = PBXFileReference; fileEncoding = 4; lastKnownFileType = sourcecode.c.h; path = TRCity.h; sourceTree = "<group>"; };
		858BA4E51C24F94D00BFE45E /* TRCity.m */ = {isa = PBXFileReference; fileEncoding = 4; lastKnownFileType = sourcecode.c.objc; path = TRCity.m; sourceTree = "<group>"; };
		858BA4E71C24FA6000BFE45E /* TRCityGroup.h */ = {isa = PBXFileReference; fileEncoding = 4; lastKnownFileType = sourcecode.c.h; path = TRCityGroup.h; sourceTree = "<group>"; };
		858BA4E81C24FA6000BFE45E /* TRCityGroup.m */ = {isa = PBXFileReference; fileEncoding = 4; lastKnownFileType = sourcecode.c.objc; path = TRCityGroup.m; sourceTree = "<group>"; };
		858BA4EA1C2508CC00BFE45E /* TRRegion.h */ = {isa = PBXFileReference; fileEncoding = 4; lastKnownFileType = sourcecode.c.h; path = TRRegion.h; sourceTree = "<group>"; };
		858BA4EB1C2508CC00BFE45E /* TRRegion.m */ = {isa = PBXFileReference; fileEncoding = 4; lastKnownFileType = sourcecode.c.objc; path = TRRegion.m; sourceTree = "<group>"; };
		858BA4ED1C25311300BFE45E /* TRTableViewCell.h */ = {isa = PBXFileReference; fileEncoding = 4; lastKnownFileType = sourcecode.c.h; path = TRTableViewCell.h; sourceTree = "<group>"; };
		858BA4EE1C25311300BFE45E /* TRTableViewCell.m */ = {isa = PBXFileReference; fileEncoding = 4; lastKnownFileType = sourcecode.c.objc; path = TRTableViewCell.m; sourceTree = "<group>"; };
		858BA4F01C253D3900BFE45E /* TRCityGroupViewController.h */ = {isa = PBXFileReference; fileEncoding = 4; lastKnownFileType = sourcecode.c.h; path = TRCityGroupViewController.h; sourceTree = "<group>"; };
		858BA4F11C253D3900BFE45E /* TRCityGroupViewController.m */ = {isa = PBXFileReference; fileEncoding = 4; lastKnownFileType = sourcecode.c.objc; path = TRCityGroupViewController.m; sourceTree = "<group>"; };
		858BA4F21C253D3900BFE45E /* TRCityGroupViewController.xib */ = {isa = PBXFileReference; fileEncoding = 4; lastKnownFileType = file.xib; path = TRCityGroupViewController.xib; sourceTree = "<group>"; };
/* End PBXFileReference section */

/* Begin PBXFrameworksBuildPhase section */
		8505CE1C1C239373005B6B7E /* Frameworks */ = {
			isa = PBXFrameworksBuildPhase;
			buildActionMask = 2147483647;
			files = (
				18BB5BBA1C29247E00B96A71 /* MapKit.framework in Frameworks */,
			);
			runOnlyForDeploymentPostprocessing = 0;
		};
/* End PBXFrameworksBuildPhase section */

/* Begin PBXGroup section */
		1849510A1C2A7F6700BCE2E3 /* Autolayout */ = {
			isa = PBXGroup;
			children = (
				1849510B1C2A7F6700BCE2E3 /* UIView+AutoLayout.h */,
				1849510C1C2A7F6700BCE2E3 /* UIView+AutoLayout.m */,
			);
			path = Autolayout;
			sourceTree = "<group>";
		};
		189CC9DD1C2829C600D40486 /* SDWebImage */ = {
			isa = PBXGroup;
			children = (
				189CC9DE1C2829C600D40486 /* MKAnnotationView+WebCache.h */,
				189CC9DF1C2829C600D40486 /* MKAnnotationView+WebCache.m */,
				189CC9E01C2829C600D40486 /* NSData+ImageContentType.h */,
				189CC9E11C2829C600D40486 /* NSData+ImageContentType.m */,
				189CC9E21C2829C600D40486 /* SDImageCache.h */,
				189CC9E31C2829C600D40486 /* SDImageCache.m */,
				189CC9E41C2829C600D40486 /* SDWebImageCompat.h */,
				189CC9E51C2829C600D40486 /* SDWebImageCompat.m */,
				189CC9E61C2829C600D40486 /* SDWebImageDecoder.h */,
				189CC9E71C2829C600D40486 /* SDWebImageDecoder.m */,
				189CC9E81C2829C600D40486 /* SDWebImageDownloader.h */,
				189CC9E91C2829C600D40486 /* SDWebImageDownloader.m */,
				189CC9EA1C2829C600D40486 /* SDWebImageDownloaderOperation.h */,
				189CC9EB1C2829C600D40486 /* SDWebImageDownloaderOperation.m */,
				189CC9EC1C2829C600D40486 /* SDWebImageManager.h */,
				189CC9ED1C2829C600D40486 /* SDWebImageManager.m */,
				189CC9EE1C2829C600D40486 /* SDWebImageOperation.h */,
				189CC9EF1C2829C600D40486 /* SDWebImagePrefetcher.h */,
				189CC9F01C2829C600D40486 /* SDWebImagePrefetcher.m */,
				189CC9F11C2829C600D40486 /* UIButton+WebCache.h */,
				189CC9F21C2829C600D40486 /* UIButton+WebCache.m */,
				189CC9F31C2829C600D40486 /* UIImage+GIF.h */,
				189CC9F41C2829C600D40486 /* UIImage+GIF.m */,
				189CC9F51C2829C600D40486 /* UIImage+MultiFormat.h */,
				189CC9F61C2829C600D40486 /* UIImage+MultiFormat.m */,
				189CC9F71C2829C600D40486 /* UIImage+WebP.h */,
				189CC9F81C2829C600D40486 /* UIImage+WebP.m */,
				189CC9F91C2829C600D40486 /* UIImageView+HighlightedWebCache.h */,
				189CC9FA1C2829C600D40486 /* UIImageView+HighlightedWebCache.m */,
				189CC9FB1C2829C600D40486 /* UIImageView+WebCache.h */,
				189CC9FC1C2829C600D40486 /* UIImageView+WebCache.m */,
				189CC9FD1C2829C600D40486 /* UIView+WebCacheOperation.h */,
				189CC9FE1C2829C600D40486 /* UIView+WebCacheOperation.m */,
			);
			path = SDWebImage;
			sourceTree = "<group>";
		};
		18BB5B6E1C28F53B00B96A71 /* MJRefresh */ = {
			isa = PBXGroup;
			children = (
				18BB5B6F1C28F53B00B96A71 /* Base */,
				18BB5B7A1C28F53B00B96A71 /* Custom */,
				18BB5B911C28F53B00B96A71 /* MJRefresh.bundle */,
				18BB5B921C28F53B00B96A71 /* MJRefresh.h */,
				18BB5B931C28F53B00B96A71 /* MJRefreshConst.h */,
				18BB5B941C28F53B00B96A71 /* MJRefreshConst.m */,
				18BB5B951C28F53B00B96A71 /* UIScrollView+MJExtension.h */,
				18BB5B961C28F53B00B96A71 /* UIScrollView+MJExtension.m */,
				18BB5B971C28F53B00B96A71 /* UIScrollView+MJRefresh.h */,
				18BB5B981C28F53B00B96A71 /* UIScrollView+MJRefresh.m */,
				18BB5B991C28F53B00B96A71 /* UIView+MJExtension.h */,
				18BB5B9A1C28F53B00B96A71 /* UIView+MJExtension.m */,
			);
			path = MJRefresh;
			sourceTree = "<group>";
		};
		18BB5B6F1C28F53B00B96A71 /* Base */ = {
			isa = PBXGroup;
			children = (
				18BB5B701C28F53B00B96A71 /* MJRefreshAutoFooter.h */,
				18BB5B711C28F53B00B96A71 /* MJRefreshAutoFooter.m */,
				18BB5B721C28F53B00B96A71 /* MJRefreshBackFooter.h */,
				18BB5B731C28F53B00B96A71 /* MJRefreshBackFooter.m */,
				18BB5B741C28F53B00B96A71 /* MJRefreshComponent.h */,
				18BB5B751C28F53B00B96A71 /* MJRefreshComponent.m */,
				18BB5B761C28F53B00B96A71 /* MJRefreshFooter.h */,
				18BB5B771C28F53B00B96A71 /* MJRefreshFooter.m */,
				18BB5B781C28F53B00B96A71 /* MJRefreshHeader.h */,
				18BB5B791C28F53B00B96A71 /* MJRefreshHeader.m */,
			);
			path = Base;
			sourceTree = "<group>";
		};
		18BB5B7A1C28F53B00B96A71 /* Custom */ = {
			isa = PBXGroup;
			children = (
				18BB5B7B1C28F53B00B96A71 /* Footer */,
				18BB5B8A1C28F53B00B96A71 /* Header */,
			);
			path = Custom;
			sourceTree = "<group>";
		};
		18BB5B7B1C28F53B00B96A71 /* Footer */ = {
			isa = PBXGroup;
			children = (
				18BB5B7C1C28F53B00B96A71 /* Auto */,
				18BB5B831C28F53B00B96A71 /* Back */,
			);
			path = Footer;
			sourceTree = "<group>";
		};
		18BB5B7C1C28F53B00B96A71 /* Auto */ = {
			isa = PBXGroup;
			children = (
				18BB5B7D1C28F53B00B96A71 /* MJRefreshAutoGifFooter.h */,
				18BB5B7E1C28F53B00B96A71 /* MJRefreshAutoGifFooter.m */,
				18BB5B7F1C28F53B00B96A71 /* MJRefreshAutoNormalFooter.h */,
				18BB5B801C28F53B00B96A71 /* MJRefreshAutoNormalFooter.m */,
				18BB5B811C28F53B00B96A71 /* MJRefreshAutoStateFooter.h */,
				18BB5B821C28F53B00B96A71 /* MJRefreshAutoStateFooter.m */,
			);
			path = Auto;
			sourceTree = "<group>";
		};
		18BB5B831C28F53B00B96A71 /* Back */ = {
			isa = PBXGroup;
			children = (
				18BB5B841C28F53B00B96A71 /* MJRefreshBackGifFooter.h */,
				18BB5B851C28F53B00B96A71 /* MJRefreshBackGifFooter.m */,
				18BB5B861C28F53B00B96A71 /* MJRefreshBackNormalFooter.h */,
				18BB5B871C28F53B00B96A71 /* MJRefreshBackNormalFooter.m */,
				18BB5B881C28F53B00B96A71 /* MJRefreshBackStateFooter.h */,
				18BB5B891C28F53B00B96A71 /* MJRefreshBackStateFooter.m */,
			);
			path = Back;
			sourceTree = "<group>";
		};
		18BB5B8A1C28F53B00B96A71 /* Header */ = {
			isa = PBXGroup;
			children = (
				18BB5B8B1C28F53B00B96A71 /* MJRefreshGifHeader.h */,
				18BB5B8C1C28F53B00B96A71 /* MJRefreshGifHeader.m */,
				18BB5B8D1C28F53B00B96A71 /* MJRefreshNormalHeader.h */,
				18BB5B8E1C28F53B00B96A71 /* MJRefreshNormalHeader.m */,
				18BB5B8F1C28F53B00B96A71 /* MJRefreshStateHeader.h */,
				18BB5B901C28F53B00B96A71 /* MJRefreshStateHeader.m */,
			);
			path = Header;
			sourceTree = "<group>";
		};
		8505CE161C239373005B6B7E = {
			isa = PBXGroup;
			children = (
				18BB5BB91C29247E00B96A71 /* MapKit.framework */,
				8505CE211C239373005B6B7E /* TRFindDeals */,
				8505CE201C239373005B6B7E /* Products */,
			);
			sourceTree = "<group>";
		};
		8505CE201C239373005B6B7E /* Products */ = {
			isa = PBXGroup;
			children = (
				8505CE1F1C239373005B6B7E /* TRFindDeals.app */,
			);
			name = Products;
			sourceTree = "<group>";
		};
		8505CE211C239373005B6B7E /* TRFindDeals */ = {
			isa = PBXGroup;
			children = (
				8505CE5A1C23DD93005B6B7E /* Controllers */,
				8505CE5B1C23DD93005B6B7E /* Views */,
				8505CE4A1C23B0A3005B6B7E /* Resources */,
				8505CE461C23A156005B6B7E /* Utilities */,
				8505CE421C239CB5005B6B7E /* Models */,
				8505CE391C2393E0005B6B7E /* Libraries */,
				8505CE251C239373005B6B7E /* AppDelegate.h */,
				8505CE261C239373005B6B7E /* AppDelegate.m */,
				8505CE2B1C239373005B6B7E /* Main.storyboard */,
				8505CE2E1C239373005B6B7E /* Assets.xcassets */,
				8505CE331C239373005B6B7E /* Info.plist */,
				8505CE221C239373005B6B7E /* Supporting Files */,
			);
			path = TRFindDeals;
			sourceTree = "<group>";
		};
		8505CE221C239373005B6B7E /* Supporting Files */ = {
			isa = PBXGroup;
			children = (
				8505CE231C239373005B6B7E /* main.m */,
			);
			name = "Supporting Files";
			sourceTree = "<group>";
		};
		8505CE391C2393E0005B6B7E /* Libraries */ = {
			isa = PBXGroup;
			children = (
				1849510A1C2A7F6700BCE2E3 /* Autolayout */,
				18BB5BB11C29201600B96A71 /* MBProgressHUD.h */,
				18BB5BB21C29201600B96A71 /* MBProgressHUD.m */,
				85080ADE1C27D7FB00858070 /* Foundation+Log.m */,
				18BB5B6E1C28F53B00B96A71 /* MJRefresh */,
				189CC9DD1C2829C600D40486 /* SDWebImage */,
				8505CE3A1C239421005B6B7E /* DPSDK */,
			);
			path = Libraries;
			sourceTree = "<group>";
		};
		8505CE3A1C239421005B6B7E /* DPSDK */ = {
			isa = PBXGroup;
			children = (
				8505CE3B1C239421005B6B7E /* DPAPI.h */,
				8505CE3C1C239421005B6B7E /* DPAPI.m */,
				8505CE3D1C239421005B6B7E /* DPConstants.h */,
				8505CE3E1C239421005B6B7E /* DPRequest.h */,
				8505CE3F1C239421005B6B7E /* DPRequest.m */,
			);
			path = DPSDK;
			sourceTree = "<group>";
		};
		8505CE421C239CB5005B6B7E /* Models */ = {
			isa = PBXGroup;
			children = (
				858BA4E71C24FA6000BFE45E /* TRCityGroup.h */,
				858BA4E81C24FA6000BFE45E /* TRCityGroup.m */,
				858BA4E41C24F94D00BFE45E /* TRCity.h */,
				858BA4E51C24F94D00BFE45E /* TRCity.m */,
				8505CE431C239D2D005B6B7E /* TRDeal.h */,
				8505CE441C239D2D005B6B7E /* TRDeal.m */,
				8505CE541C23B371005B6B7E /* TRSort.h */,
				8505CE551C23B371005B6B7E /* TRSort.m */,
				8505CE571C23BA5E005B6B7E /* TRCategory.h */,
				8505CE581C23BA5E005B6B7E /* TRCategory.m */,
				858BA4EA1C2508CC00BFE45E /* TRRegion.h */,
				858BA4EB1C2508CC00BFE45E /* TRRegion.m */,
				18BB5BBB1C293DB700B96A71 /* TRBusiness.h */,
				18BB5BBC1C293DB700B96A71 /* TRBusiness.m */,
				18BB5BBE1C29401000B96A71 /* TRAnnotation.h */,
				18BB5BBF1C29401000B96A71 /* TRAnnotation.m */,
			);
			path = Models;
			sourceTree = "<group>";
		};
		8505CE461C23A156005B6B7E /* Utilities */ = {
			isa = PBXGroup;
			children = (
				8505CE471C23A184005B6B7E /* TRDataManager.h */,
				8505CE481C23A184005B6B7E /* TRDataManager.m */,
				8505CE671C23FB54005B6B7E /* UIBarButtonItem+TRBarItem.h */,
				8505CE681C23FB54005B6B7E /* UIBarButtonItem+TRBarItem.m */,
			);
			path = Utilities;
			sourceTree = "<group>";
		};
		8505CE4A1C23B0A3005B6B7E /* Resources */ = {
			isa = PBXGroup;
			children = (
				8505CE4B1C23B0D6005B6B7E /* Plist */,
			);
			path = Resources;
			sourceTree = "<group>";
		};
		8505CE4B1C23B0D6005B6B7E /* Plist */ = {
			isa = PBXGroup;
			children = (
				8505CE4C1C23B0D6005B6B7E /* categories.plist */,
				8505CE4D1C23B0D6005B6B7E /* cities.plist */,
				8505CE4E1C23B0D6005B6B7E /* cityGroups.plist */,
				8505CE4F1C23B0D6005B6B7E /* sorts.plist */,
			);
			path = Plist;
			sourceTree = "<group>";
		};
		8505CE5A1C23DD93005B6B7E /* Controllers */ = {
			isa = PBXGroup;
			children = (
				8505CE5C1C23DE05005B6B7E /* TRNavController.h */,
				8505CE5D1C23DE05005B6B7E /* TRNavController.m */,
				184951041C2A491800BCE2E3 /* TRBaseCollectionViewController.h */,
				184951051C2A491800BCE2E3 /* TRBaseCollectionViewController.m */,
				8505CE5F1C23DE42005B6B7E /* TRMainCollectionViewController.h */,
				8505CE601C23DE42005B6B7E /* TRMainCollectionViewController.m */,
				184951071C2A496100BCE2E3 /* TRSearchViewController.h */,
				184951081C2A496100BCE2E3 /* TRSearchViewController.m */,
				858BA4D71C24E72200BFE45E /* TRSortViewController.h */,
				858BA4D81C24E72200BFE45E /* TRSortViewController.m */,
				858BA4DA1C24F53600BFE45E /* TRCategoryViewController.h */,
				858BA4DB1C24F53600BFE45E /* TRCategoryViewController.m */,
				858BA4DC1C24F53600BFE45E /* TRCategoryViewController.xib */,
				858BA4DF1C24F5A400BFE45E /* TRRegionViewController.h */,
				858BA4E01C24F5A400BFE45E /* TRRegionViewController.m */,
				858BA4E11C24F5A400BFE45E /* TRRegionViewController.xib */,
				858BA4F01C253D3900BFE45E /* TRCityGroupViewController.h */,
				858BA4F11C253D3900BFE45E /* TRCityGroupViewController.m */,
				858BA4F21C253D3900BFE45E /* TRCityGroupViewController.xib */,
				18BB5BB41C2923B900B96A71 /* TRMapViewController.h */,
				18BB5BB51C2923B900B96A71 /* TRMapViewController.m */,
				18BB5BB61C2923B900B96A71 /* TRMapViewController.xib */,
				189CCA121C28303400D40486 /* WebViewController.h */,
				189CCA131C28303400D40486 /* WebViewController.m */,
				189CCA141C28303400D40486 /* WebViewController.xib */,
				18BB5BC11C29601B00B96A71 /* MKAnnotationViewController.h */,
				18BB5BC21C29601B00B96A71 /* MKAnnotationViewController.m */,
				18BB5BC31C29601B00B96A71 /* MKAnnotationViewController.xib */,
			);
			path = Controllers;
			sourceTree = "<group>";
		};
		8505CE5B1C23DD93005B6B7E /* Views */ = {
			isa = PBXGroup;
			children = (
				8505CE621C23E561005B6B7E /* TRNavLeftView.h */,
				8505CE631C23E561005B6B7E /* TRNavLeftView.m */,
				8505CE651C23E5EE005B6B7E /* TRNavLeftView.xib */,
				858BA4ED1C25311300BFE45E /* TRTableViewCell.h */,
				858BA4EE1C25311300BFE45E /* TRTableViewCell.m */,
				85080AE01C27EF4100858070 /* TRCollectionViewCell.h */,
				85080AE11C27EF4100858070 /* TRCollectionViewCell.m */,
				85080AE21C27EF4100858070 /* TRCollectionViewCell.xib */,
				18BB5BAE1C28F93300B96A71 /* TRLabel.h */,
				18BB5BAF1C28F93300B96A71 /* TRLabel.m */,
			);
			path = Views;
			sourceTree = "<group>";
		};
/* End PBXGroup section */

/* Begin PBXNativeTarget section */
		8505CE1E1C239373005B6B7E /* TRFindDeals */ = {
			isa = PBXNativeTarget;
			buildConfigurationList = 8505CE361C239373005B6B7E /* Build configuration list for PBXNativeTarget "TRFindDeals" */;
			buildPhases = (
				8505CE1B1C239373005B6B7E /* Sources */,
				8505CE1C1C239373005B6B7E /* Frameworks */,
				8505CE1D1C239373005B6B7E /* Resources */,
			);
			buildRules = (
			);
			dependencies = (
			);
			name = TRFindDeals;
			productName = TRFindDeals;
			productReference = 8505CE1F1C239373005B6B7E /* TRFindDeals.app */;
			productType = "com.apple.product-type.application";
		};
/* End PBXNativeTarget section */

/* Begin PBXProject section */
		8505CE171C239373005B6B7E /* Project object */ = {
			isa = PBXProject;
			attributes = {
				LastUpgradeCheck = 0710;
				ORGANIZATIONNAME = tarena;
				TargetAttributes = {
					8505CE1E1C239373005B6B7E = {
						CreatedOnToolsVersion = 7.1;
					};
				};
			};
			buildConfigurationList = 8505CE1A1C239373005B6B7E /* Build configuration list for PBXProject "TRFindDeals" */;
			compatibilityVersion = "Xcode 3.2";
			developmentRegion = English;
			hasScannedForEncodings = 0;
			knownRegions = (
				en,
				Base,
			);
			mainGroup = 8505CE161C239373005B6B7E;
			productRefGroup = 8505CE201C239373005B6B7E /* Products */;
			projectDirPath = "";
			projectRoot = "";
			targets = (
				8505CE1E1C239373005B6B7E /* TRFindDeals */,
			);
		};
/* End PBXProject section */

/* Begin PBXResourcesBuildPhase section */
		8505CE1D1C239373005B6B7E /* Resources */ = {
			isa = PBXResourcesBuildPhase;
			buildActionMask = 2147483647;
			files = (
				858BA4DE1C24F53600BFE45E /* TRCategoryViewController.xib in Resources */,
				18BB5BC51C29601B00B96A71 /* MKAnnotationViewController.xib in Resources */,
				8505CE501C23B0D6005B6B7E /* categories.plist in Resources */,
				18BB5BA91C28F53B00B96A71 /* MJRefresh.bundle in Resources */,
				858BA4F41C253D3900BFE45E /* TRCityGroupViewController.xib in Resources */,
				189CCA161C28303400D40486 /* WebViewController.xib in Resources */,
				8505CE531C23B0D6005B6B7E /* sorts.plist in Resources */,
				858BA4E31C24F5A400BFE45E /* TRRegionViewController.xib in Resources */,
				8505CE661C23E5EE005B6B7E /* TRNavLeftView.xib in Resources */,
				18BB5BB81C2923B900B96A71 /* TRMapViewController.xib in Resources */,
				8505CE2F1C239373005B6B7E /* Assets.xcassets in Resources */,
				8505CE511C23B0D6005B6B7E /* cities.plist in Resources */,
				8505CE2D1C239373005B6B7E /* Main.storyboard in Resources */,
				85080AE41C27EF4100858070 /* TRCollectionViewCell.xib in Resources */,
				8505CE521C23B0D6005B6B7E /* cityGroups.plist in Resources */,
			);
			runOnlyForDeploymentPostprocessing = 0;
		};
/* End PBXResourcesBuildPhase section */

/* Begin PBXSourcesBuildPhase section */
		8505CE1B1C239373005B6B7E /* Sources */ = {
			isa = PBXSourcesBuildPhase;
			buildActionMask = 2147483647;
			files = (
				18BB5BA61C28F53B00B96A71 /* MJRefreshGifHeader.m in Sources */,
				189CCA091C2829C600D40486 /* UIImage+GIF.m in Sources */,
				858BA4D91C24E72200BFE45E /* TRSortViewController.m in Sources */,
				8505CE611C23DE42005B6B7E /* TRMainCollectionViewController.m in Sources */,
				18BB5BAC1C28F53B00B96A71 /* UIScrollView+MJRefresh.m in Sources */,
				858BA4E61C24F94D00BFE45E /* TRCity.m in Sources */,
				18BB5BB01C28F93300B96A71 /* TRLabel.m in Sources */,
				858BA4DD1C24F53600BFE45E /* TRCategoryViewController.m in Sources */,
				18BB5BC41C29601B00B96A71 /* MKAnnotationViewController.m in Sources */,
				858BA4E91C24FA6000BFE45E /* TRCityGroup.m in Sources */,
				189CCA081C2829C600D40486 /* UIButton+WebCache.m in Sources */,
				858BA4EC1C2508CC00BFE45E /* TRRegion.m in Sources */,
				18BB5BA41C28F53B00B96A71 /* MJRefreshBackNormalFooter.m in Sources */,
				189CCA0A1C2829C600D40486 /* UIImage+MultiFormat.m in Sources */,
				184951061C2A491800BCE2E3 /* TRBaseCollectionViewController.m in Sources */,
				8505CE691C23FB54005B6B7E /* UIBarButtonItem+TRBarItem.m in Sources */,
				189CCA031C2829C600D40486 /* SDWebImageDecoder.m in Sources */,
				858BA4EF1C25311300BFE45E /* TRTableViewCell.m in Sources */,
				189CCA0D1C2829C600D40486 /* UIImageView+WebCache.m in Sources */,
				1849510D1C2A7F6700BCE2E3 /* UIView+AutoLayout.m in Sources */,
				18BB5BA11C28F53B00B96A71 /* MJRefreshAutoNormalFooter.m in Sources */,
				18BB5BC01C29401000B96A71 /* TRAnnotation.m in Sources */,
				85080ADF1C27D7FB00858070 /* Foundation+Log.m in Sources */,
				8505CE411C239421005B6B7E /* DPRequest.m in Sources */,
				189CCA001C2829C600D40486 /* NSData+ImageContentType.m in Sources */,
				18BB5BAB1C28F53B00B96A71 /* UIScrollView+MJExtension.m in Sources */,
				189CCA041C2829C600D40486 /* SDWebImageDownloader.m in Sources */,
				858BA4F31C253D3900BFE45E /* TRCityGroupViewController.m in Sources */,
				8505CE561C23B371005B6B7E /* TRSort.m in Sources */,
				189CCA151C28303400D40486 /* WebViewController.m in Sources */,
				189CCA0C1C2829C600D40486 /* UIImageView+HighlightedWebCache.m in Sources */,
				8505CE401C239421005B6B7E /* DPAPI.m in Sources */,
				8505CE591C23BA5E005B6B7E /* TRCategory.m in Sources */,
				8505CE491C23A184005B6B7E /* TRDataManager.m in Sources */,
				858BA4E21C24F5A400BFE45E /* TRRegionViewController.m in Sources */,
				189CCA0E1C2829C600D40486 /* UIView+WebCacheOperation.m in Sources */,
				189CCA021C2829C600D40486 /* SDWebImageCompat.m in Sources */,
				85080AE31C27EF4100858070 /* TRCollectionViewCell.m in Sources */,
				189CC9FF1C2829C600D40486 /* MKAnnotationView+WebCache.m in Sources */,
				18BB5BAD1C28F53B00B96A71 /* UIView+MJExtension.m in Sources */,
				18BB5BAA1C28F53B00B96A71 /* MJRefreshConst.m in Sources */,
				8505CE451C239D2D005B6B7E /* TRDeal.m in Sources */,
				18BB5BA31C28F53B00B96A71 /* MJRefreshBackGifFooter.m in Sources */,
				18BB5BB71C2923B900B96A71 /* TRMapViewController.m in Sources */,
				18BB5B9B1C28F53B00B96A71 /* MJRefreshAutoFooter.m in Sources */,
				184951091C2A496100BCE2E3 /* TRSearchViewController.m in Sources */,
				8505CE271C239373005B6B7E /* AppDelegate.m in Sources */,
				18BB5B9D1C28F53B00B96A71 /* MJRefreshComponent.m in Sources */,
				18BB5BA51C28F53B00B96A71 /* MJRefreshBackStateFooter.m in Sources */,
				18BB5B9E1C28F53B00B96A71 /* MJRefreshFooter.m in Sources */,
				189CCA071C2829C600D40486 /* SDWebImagePrefetcher.m in Sources */,
				8505CE5E1C23DE05005B6B7E /* TRNavController.m in Sources */,
				189CCA051C2829C600D40486 /* SDWebImageDownloaderOperation.m in Sources */,
				18BB5BA71C28F53B00B96A71 /* MJRefreshNormalHeader.m in Sources */,
				18BB5BA21C28F53B00B96A71 /* MJRefreshAutoStateFooter.m in Sources */,
				18BB5BA01C28F53B00B96A71 /* MJRefreshAutoGifFooter.m in Sources */,
				18BB5B9C1C28F53B00B96A71 /* MJRefreshBackFooter.m in Sources */,
				8505CE241C239373005B6B7E /* main.m in Sources */,
				189CCA061C2829C600D40486 /* SDWebImageManager.m in Sources */,
				189CCA0B1C2829C600D40486 /* UIImage+WebP.m in Sources */,
				8505CE641C23E561005B6B7E /* TRNavLeftView.m in Sources */,
				18BB5BB31C29201600B96A71 /* MBProgressHUD.m in Sources */,
				18BB5BA81C28F53B00B96A71 /* MJRefreshStateHeader.m in Sources */,
				189CCA011C2829C600D40486 /* SDImageCache.m in Sources */,
				18BB5BBD1C293DB700B96A71 /* TRBusiness.m in Sources */,
				18BB5B9F1C28F53B00B96A71 /* MJRefreshHeader.m in Sources */,
			);
			runOnlyForDeploymentPostprocessing = 0;
		};
/* End PBXSourcesBuildPhase section */

/* Begin PBXVariantGroup section */
		8505CE2B1C239373005B6B7E /* Main.storyboard */ = {
			isa = PBXVariantGroup;
			children = (
				8505CE2C1C239373005B6B7E /* Base */,
			);
			name = Main.storyboard;
			sourceTree = "<group>";
		};
/* End PBXVariantGroup section */

/* Begin XCBuildConfiguration section */
		8505CE341C239373005B6B7E /* Debug */ = {
			isa = XCBuildConfiguration;
			buildSettings = {
				ALWAYS_SEARCH_USER_PATHS = NO;
				CLANG_CXX_LANGUAGE_STANDARD = "gnu++0x";
				CLANG_CXX_LIBRARY = "libc++";
				CLANG_ENABLE_MODULES = YES;
				CLANG_ENABLE_OBJC_ARC = YES;
				CLANG_WARN_BOOL_CONVERSION = YES;
				CLANG_WARN_CONSTANT_CONVERSION = YES;
				CLANG_WARN_DIRECT_OBJC_ISA_USAGE = YES_ERROR;
				CLANG_WARN_EMPTY_BODY = YES;
				CLANG_WARN_ENUM_CONVERSION = YES;
				CLANG_WARN_INT_CONVERSION = YES;
				CLANG_WARN_OBJC_ROOT_CLASS = YES_ERROR;
				CLANG_WARN_UNREACHABLE_CODE = YES;
				CLANG_WARN__DUPLICATE_METHOD_MATCH = YES;
				"CODE_SIGN_IDENTITY[sdk=iphoneos*]" = "iPhone Developer";
				COPY_PHASE_STRIP = NO;
				DEBUG_INFORMATION_FORMAT = dwarf;
				ENABLE_STRICT_OBJC_MSGSEND = YES;
				ENABLE_TESTABILITY = YES;
				GCC_C_LANGUAGE_STANDARD = gnu99;
				GCC_DYNAMIC_NO_PIC = NO;
				GCC_NO_COMMON_BLOCKS = YES;
				GCC_OPTIMIZATION_LEVEL = 0;
				GCC_PREPROCESSOR_DEFINITIONS = (
					"DEBUG=1",
					"$(inherited)",
				);
				GCC_WARN_64_TO_32_BIT_CONVERSION = YES;
				GCC_WARN_ABOUT_RETURN_TYPE = YES_ERROR;
				GCC_WARN_UNDECLARED_SELECTOR = YES;
				GCC_WARN_UNINITIALIZED_AUTOS = YES_AGGRESSIVE;
				GCC_WARN_UNUSED_FUNCTION = YES;
				GCC_WARN_UNUSED_VARIABLE = YES;
				IPHONEOS_DEPLOYMENT_TARGET = 9.1;
				MTL_ENABLE_DEBUG_INFO = YES;
				ONLY_ACTIVE_ARCH = YES;
				SDKROOT = iphoneos;
			};
			name = Debug;
		};
		8505CE351C239373005B6B7E /* Release */ = {
			isa = XCBuildConfiguration;
			buildSettings = {
				ALWAYS_SEARCH_USER_PATHS = NO;
				CLANG_CXX_LANGUAGE_STANDARD = "gnu++0x";
				CLANG_CXX_LIBRARY = "libc++";
				CLANG_ENABLE_MODULES = YES;
				CLANG_ENABLE_OBJC_ARC = YES;
				CLANG_WARN_BOOL_CONVERSION = YES;
				CLANG_WARN_CONSTANT_CONVERSION = YES;
				CLANG_WARN_DIRECT_OBJC_ISA_USAGE = YES_ERROR;
				CLANG_WARN_EMPTY_BODY = YES;
				CLANG_WARN_ENUM_CONVERSION = YES;
				CLANG_WARN_INT_CONVERSION = YES;
				CLANG_WARN_OBJC_ROOT_CLASS = YES_ERROR;
				CLANG_WARN_UNREACHABLE_CODE = YES;
				CLANG_WARN__DUPLICATE_METHOD_MATCH = YES;
				"CODE_SIGN_IDENTITY[sdk=iphoneos*]" = "iPhone Developer";
				COPY_PHASE_STRIP = NO;
				DEBUG_INFORMATION_FORMAT = "dwarf-with-dsym";
				ENABLE_NS_ASSERTIONS = NO;
				ENABLE_STRICT_OBJC_MSGSEND = YES;
				GCC_C_LANGUAGE_STANDARD = gnu99;
				GCC_NO_COMMON_BLOCKS = YES;
				GCC_WARN_64_TO_32_BIT_CONVERSION = YES;
				GCC_WARN_ABOUT_RETURN_TYPE = YES_ERROR;
				GCC_WARN_UNDECLARED_SELECTOR = YES;
				GCC_WARN_UNINITIALIZED_AUTOS = YES_AGGRESSIVE;
				GCC_WARN_UNUSED_FUNCTION = YES;
				GCC_WARN_UNUSED_VARIABLE = YES;
				IPHONEOS_DEPLOYMENT_TARGET = 9.1;
				MTL_ENABLE_DEBUG_INFO = NO;
				SDKROOT = iphoneos;
				VALIDATE_PRODUCT = YES;
			};
			name = Release;
		};
		8505CE371C239373005B6B7E /* Debug */ = {
			isa = XCBuildConfiguration;
			buildSettings = {
				ASSETCATALOG_COMPILER_APPICON_NAME = AppIcon;
				ASSETCATALOG_COMPILER_LAUNCHIMAGE_NAME = LaunchImage;
				INFOPLIST_FILE = TRFindDeals/Info.plist;
				LD_RUNPATH_SEARCH_PATHS = "$(inherited) @executable_path/Frameworks";
				PRODUCT_BUNDLE_IDENTIFIER = com.tarena.TRFindDeals;
				PRODUCT_NAME = "$(TARGET_NAME)";
				TARGETED_DEVICE_FAMILY = 2;
			};
			name = Debug;
		};
		8505CE381C239373005B6B7E /* Release */ = {
			isa = XCBuildConfiguration;
			buildSettings = {
				ASSETCATALOG_COMPILER_APPICON_NAME = AppIcon;
				ASSETCATALOG_COMPILER_LAUNCHIMAGE_NAME = LaunchImage;
				INFOPLIST_FILE = TRFindDeals/Info.plist;
				LD_RUNPATH_SEARCH_PATHS = "$(inherited) @executable_path/Frameworks";
				PRODUCT_BUNDLE_IDENTIFIER = com.tarena.TRFindDeals;
				PRODUCT_NAME = "$(TARGET_NAME)";
				TARGETED_DEVICE_FAMILY = 2;
			};
			name = Release;
		};
/* End XCBuildConfiguration section */

/* Begin XCConfigurationList section */
		8505CE1A1C239373005B6B7E /* Build configuration list for PBXProject "TRFindDeals" */ = {
			isa = XCConfigurationList;
			buildConfigurations = (
				8505CE341C239373005B6B7E /* Debug */,
				8505CE351C239373005B6B7E /* Release */,
			);
			defaultConfigurationIsVisible = 0;
			defaultConfigurationName = Release;
		};
		8505CE361C239373005B6B7E /* Build configuration list for PBXNativeTarget "TRFindDeals" */ = {
			isa = XCConfigurationList;
			buildConfigurations = (
				8505CE371C239373005B6B7E /* Debug */,
				8505CE381C239373005B6B7E /* Release */,
			);
			defaultConfigurationIsVisible = 0;
			defaultConfigurationName = Release;
		};
/* End XCConfigurationList section */
	};
	rootObject = 8505CE171C239373005B6B7E /* Project object */;
}
